
Microsoft Visual Studio Solution File, Format Version 12.00
# Visual Studio 15
VisualStudioVersion = 15.0.27703.2000
MinimumVisualStudioVersion = 10.0.40219.1
Project("{FAE04EC0-301F-11D3-BF4B-00C04F79EFBC}") = "FamilyPhotos", "FamilyPhotos\FamilyPhotos.csproj", "{61830ACD-20F0-4EBE-9079-3C3CF50761AD}"
EndProject
Global
	GlobalSection(SolutionConfigurationPlatforms) = preSolution
		Debug|Any CPU = Debug|Any CPU
		Release|Any CPU = Release|Any CPU
	EndGlobalSection
	GlobalSection(ProjectConfigurationPlatforms) = postSolution
		{61830ACD-20F0-4EBE-9079-3C3CF50761AD}.Debug|Any CPU.ActiveCfg = Debug|Any CPU
		{61830ACD-20F0-4EBE-9079-3C3CF50761AD}.Debug|Any CPU.Build.0 = Debug|Any CPU
		{61830ACD-20F0-4EBE-9079-3C3CF50761AD}.Release|Any CPU.ActiveCfg = Release|Any CPU
		{61830ACD-20F0-4EBE-9079-3C3CF50761AD}.Release|Any CPU.Build.0 = Release|Any CPU
	EndGlobalSection
	GlobalSection(SolutionProperties) = preSolution
		HideSolutionNode = FALSE
	EndGlobalSection
	GlobalSection(ExtensibilityGlobals) = postSolution
		SolutionGuid = {37479D81-584E-4BB9-A284-5276E8544F05}
	EndGlobalSection
EndGlobal
